
Microsoft Visual Studio Solution File, Format Version 12.00
# Visual Studio Version 17
VisualStudioVersion = 17.9.34728.123
MinimumVisualStudioVersion = 10.0.40219.1
Project("{9A19103F-16F7-4668-BE54-9A1E7A4F7556}") = "Practico1", "Practico1\Practico1.csproj", "{C4392E5B-E35F-4CA9-8F0D-7D7893727592}"
EndProject
Project("{9A19103F-16F7-4668-BE54-9A1E7A4F7556}") = "Shared", "Shared\Shared.csproj", "{7F37406A-05C0-48A6-8486-C7E46E26E5CB}"
EndProject
Project("{9A19103F-16F7-4668-BE54-9A1E7A4F7556}") = "DAL", "DAL\DAL.csproj", "{F8E42236-6825-4BD7-B8C9-8B3512094EC2}"
EndProject
Project("{2150E333-8FDC-42A3-9474-1A3956D46DE8}") = "Elementos de la solución", "Elementos de la solución", "{A1E7BF48-2616-4655-985B-0BA45292A795}"
EndProject
Global
	GlobalSection(SolutionConfigurationPlatforms) = preSolution
		Debug|Any CPU = Debug|Any CPU
		Release|Any CPU = Release|Any CPU
	EndGlobalSection
	GlobalSection(ProjectConfigurationPlatforms) = postSolution
		{C4392E5B-E35F-4CA9-8F0D-7D7893727592}.Debug|Any CPU.ActiveCfg = Debug|Any CPU
		{C4392E5B-E35F-4CA9-8F0D-7D7893727592}.Debug|Any CPU.Build.0 = Debug|Any CPU
		{C4392E5B-E35F-4CA9-8F0D-7D7893727592}.Release|Any CPU.ActiveCfg = Release|Any CPU
		{C4392E5B-E35F-4CA9-8F0D-7D7893727592}.Release|Any CPU.Build.0 = Release|Any CPU
		{7F37406A-05C0-48A6-8486-C7E46E26E5CB}.Debug|Any CPU.ActiveCfg = Debug|Any CPU
		{7F37406A-05C0-48A6-8486-C7E46E26E5CB}.Debug|Any CPU.Build.0 = Debug|Any CPU
		{7F37406A-05C0-48A6-8486-C7E46E26E5CB}.Release|Any CPU.ActiveCfg = Release|Any CPU
		{7F37406A-05C0-48A6-8486-C7E46E26E5CB}.Release|Any CPU.Build.0 = Release|Any CPU
		{F8E42236-6825-4BD7-B8C9-8B3512094EC2}.Debug|Any CPU.ActiveCfg = Debug|Any CPU
		{F8E42236-6825-4BD7-B8C9-8B3512094EC2}.Debug|Any CPU.Build.0 = Debug|Any CPU
		{F8E42236-6825-4BD7-B8C9-8B3512094EC2}.Release|Any CPU.ActiveCfg = Release|Any CPU
		{F8E42236-6825-4BD7-B8C9-8B3512094EC2}.Release|Any CPU.Build.0 = Release|Any CPU
	EndGlobalSection
	GlobalSection(SolutionProperties) = preSolution
		HideSolutionNode = FALSE
	EndGlobalSection
	GlobalSection(ExtensibilityGlobals) = postSolution
		SolutionGuid = {404F6FE6-0197-491B-B36C-D816664832D4}
	EndGlobalSection
EndGlobal
